
Microsoft Visual Studio Solution File, Format Version 12.00
# Visual Studio Version 17
VisualStudioVersion = 17.11.35219.272
MinimumVisualStudioVersion = 10.0.40219.1
Project("{FAE04EC0-301F-11D3-BF4B-00C04F79EFBC}") = "AvaloniaMVVMTest", "AvaloniaMVVMTest\AvaloniaMVVMTest.csproj", "{4DEA8088-4AF5-4A77-9AEF-92D50DB7BF31}"
EndProject
Global
	GlobalSection(SolutionConfigurationPlatforms) = preSolution
		Debug|Any CPU = Debug|Any CPU
		Debug|x64 = Debug|x64
		Release|Any CPU = Release|Any CPU
		Release|x64 = Release|x64
	EndGlobalSection
	GlobalSection(ProjectConfigurationPlatforms) = postSolution
		{4DEA8088-4AF5-4A77-9AEF-92D50DB7BF31}.Debug|Any CPU.ActiveCfg = Debug|Any CPU
		{4DEA8088-4AF5-4A77-9AEF-92D50DB7BF31}.Debug|Any CPU.Build.0 = Debug|Any CPU
		{4DEA8088-4AF5-4A77-9AEF-92D50DB7BF31}.Debug|x64.ActiveCfg = Debug|x64
		{4DEA8088-4AF5-4A77-9AEF-92D50DB7BF31}.Debug|x64.Build.0 = Debug|x64
		{4DEA8088-4AF5-4A77-9AEF-92D50DB7BF31}.Release|Any CPU.ActiveCfg = Release|Any CPU
		{4DEA8088-4AF5-4A77-9AEF-92D50DB7BF31}.Release|Any CPU.Build.0 = Release|Any CPU
		{4DEA8088-4AF5-4A77-9AEF-92D50DB7BF31}.Release|x64.ActiveCfg = Release|x64
		{4DEA8088-4AF5-4A77-9AEF-92D50DB7BF31}.Release|x64.Build.0 = Release|x64
	EndGlobalSection
	GlobalSection(SolutionProperties) = preSolution
		HideSolutionNode = FALSE
	EndGlobalSection
	GlobalSection(ExtensibilityGlobals) = postSolution
		SolutionGuid = {2EF2307E-3203-4CDA-AEE3-45F909470375}
	EndGlobalSection
EndGlobal
